<?xml version="1.0" encoding="utf-8"?>
<Project ToolsVersion="4.0" xmlns="http://schemas.microsoft.com/developer/msbuild/2003">
  <ItemGroup>
    <Filter Include="Source Files">
      <UniqueIdentifier>{4FC737F1-C7A5-4376-A066-2A32D752A2FF}</UniqueIdentifier>
      <Extensions>cpp;c;cc;cxx;def;odl;idl;hpj;bat;asm;asmx</Extensions>
    </Filter>
    <Filter Include="Header Files">
      <UniqueIdentifier>{93995380-89BD-4b04-88EB-625FBE52EBFB}</UniqueIdentifier>
      <Extensions>h;hh;hpp;hxx;hm;inl;inc;ipp;xsd</Extensions>
    </Filter>
    <Filter Include="Resource Files">
      <UniqueIdentifier>{67DA6AB6-F800-4c08-8B7A-83BB121AAD01}</UniqueIdentifier>
      <Extensions>rc;ico;cur;bmp;dlg;rc2;rct;bin;rgs;gif;jpg;jpeg;jpe;resx;tiff;tif;png;wav;mfcribbon-ms</Extensions>
    </Filter>
    <Filter Include="Source Files\Scenes">
      <UniqueIdentifier>{2692fef3-4903-4ff2-921d-ca83864e37ee}</UniqueIdentifier>
    </Filter>
    <Filter Include="Source Files\GameComponents">
      <UniqueIdentifier>{7f10a422-2efc-4536-9a8b-10c976647feb}</UniqueIdentifier>
    </Filter>
    <Filter Include="Source Files\GameObjects">
      <UniqueIdentifier>{eb9d887d-4d63-41c7-83fd-f0b91bd3899c}</UniqueIdentifier>
    </Filter>
    <Filter Include="Source Files\GameObjects\Item">
      <UniqueIdentifier>{0aaded6c-d0ef-40b5-8b26-1682cb13d06c}</UniqueIdentifier>
    </Filter>
    <Filter Include="Source Files\GameObjects\StoredItem">
      <UniqueIdentifier>{01430cb9-ac9c-41dd-9c61-86576cb31526}</UniqueIdentifier>
    </Filter>
    <Filter Include="Source Files\GameComponents\Image">
      <UniqueIdentifier>{eb8a4766-bd61-4143-ab6d-6f23a84e99ce}</UniqueIdentifier>
    </Filter>
    <Filter Include="Source Files\GameObjects\Weapon">
      <UniqueIdentifier>{9313d7c6-7813-470e-9bcd-a93a9f1e5332}</UniqueIdentifier>
    </Filter>
    <Filter Include="Source Files\GameObjects\Player">
      <UniqueIdentifier>{df1fa436-dbc8-4f99-89f4-7538e57583b3}</UniqueIdentifier>
    </Filter>
    <Filter Include="Source Files\GameObjects\Player\stair">
      <UniqueIdentifier>{ccf20489-a3a4-494d-89fc-e2b9f5307683}</UniqueIdentifier>
    </Filter>
    <Filter Include="Source Files\GameObjects\enemy">
      <UniqueIdentifier>{bc60db8a-e5c5-45a1-b7e1-70cac40091da}</UniqueIdentifier>
    </Filter>
  </ItemGroup>
  <ItemGroup>
    <ClCompile Include="Game.cpp">
      <Filter>Source Files</Filter>
    </ClCompile>
    <ClCompile Include="main.cpp">
      <Filter>Source Files</Filter>
    </ClCompile>
    <ClCompile Include="GlobalConfig.cpp">
      <Filter>Source Files</Filter>
    </ClCompile>
    <ClCompile Include="PlayerDowningState.cpp">
      <Filter>Source Files\GameObjects\Player</Filter>
    </ClCompile>
    <ClCompile Include="PlayerStandingState.cpp">
      <Filter>Source Files\GameObjects\Player</Filter>
    </ClCompile>
    <ClCompile Include="PlayerWalkingState.cpp">
      <Filter>Source Files\GameObjects\Player</Filter>
    </ClCompile>
    <ClCompile Include="Simon.cpp">
      <Filter>Source Files\GameObjects\Player</Filter>
    </ClCompile>
    <ClCompile Include="Animations.cpp">
      <Filter>Source Files\GameComponents\Image</Filter>
    </ClCompile>
    <ClCompile Include="Sprites.cpp">
      <Filter>Source Files\GameComponents\Image</Filter>
    </ClCompile>
    <ClCompile Include="Textures.cpp">
      <Filter>Source Files\GameComponents\Image</Filter>
    </ClCompile>
    <ClCompile Include="PlayerHittingState.cpp">
      <Filter>Source Files\GameObjects\Player</Filter>
    </ClCompile>
    <ClCompile Include="PlayerFallingState.cpp">
      <Filter>Source Files\GameObjects\Player</Filter>
    </ClCompile>
    <ClCompile Include="Item.cpp">
      <Filter>Source Files\GameObjects\Item</Filter>
    </ClCompile>
    <ClCompile Include="ManagerScene.cpp">
      <Filter>Source Files\Scenes</Filter>
    </ClCompile>
    <ClCompile Include="Stage1.cpp">
      <Filter>Source Files\Scenes</Filter>
    </ClCompile>
    <ClCompile Include="Map.cpp">
      <Filter>Source Files\GameComponents</Filter>
    </ClCompile>
    <ClCompile Include="Camera.cpp">
      <Filter>Source Files\GameComponents</Filter>
    </ClCompile>
    <ClCompile Include="GameObject.cpp">
      <Filter>Source Files\GameObjects</Filter>
    </ClCompile>
    <ClCompile Include="Brick.cpp">
      <Filter>Source Files\GameObjects</Filter>
    </ClCompile>
    <ClCompile Include="debug.cpp">
      <Filter>Source Files\GameComponents</Filter>
    </ClCompile>
    <ClCompile Include="Holder.cpp">
      <Filter>Source Files\GameObjects\StoredItem</Filter>
    </ClCompile>
    <ClCompile Include="Effect.cpp">
      <Filter>Source Files\GameObjects</Filter>
    </ClCompile>
    <ClCompile Include="Whip.cpp">
      <Filter>Source Files\GameObjects\Weapon</Filter>
    </ClCompile>
    <ClCompile Include="Weapon.cpp">
      <Filter>Source Files\GameObjects\Weapon</Filter>
    </ClCompile>
    <ClCompile Include="Knife.cpp">
      <Filter>Source Files\GameObjects\Weapon</Filter>
    </ClCompile>
    <ClCompile Include="CheckPoint.cpp">
      <Filter>Source Files\GameObjects</Filter>
    </ClCompile>
    <ClCompile Include="PlayerStandingStairState.cpp">
      <Filter>Source Files\GameObjects\Player\stair</Filter>
    </ClCompile>
    <ClCompile Include="PlayerWalkingStairState.cpp">
      <Filter>Source Files\GameObjects\Player\stair</Filter>
    </ClCompile>
    <ClCompile Include="Enemy.cpp">
      <Filter>Source Files\GameObjects\enemy</Filter>
    </ClCompile>
    <ClCompile Include="PlayerJumpingState.cpp">
      <Filter>Source Files\GameObjects\Player</Filter>
    </ClCompile>
  </ItemGroup>
  <ItemGroup>
    <ClInclude Include="ManagerScene.h">
      <Filter>Source Files\Scenes</Filter>
    </ClInclude>
    <ClInclude Include="Scene.h">
      <Filter>Source Files\Scenes</Filter>
    </ClInclude>
    <ClInclude Include="Stage1.h">
      <Filter>Source Files\Scenes</Filter>
    </ClInclude>
    <ClInclude Include="Item.h">
      <Filter>Source Files\GameObjects\Item</Filter>
    </ClInclude>
    <ClInclude Include="Animations.h">
      <Filter>Source Files\GameComponents\Image</Filter>
    </ClInclude>
    <ClInclude Include="Sprites.h">
      <Filter>Source Files\GameComponents\Image</Filter>
    </ClInclude>
    <ClInclude Include="Textures.h">
      <Filter>Source Files\GameComponents\Image</Filter>
    </ClInclude>
    <ClInclude Include="PlayerDowningState.h">
      <Filter>Source Files\GameObjects\Player</Filter>
    </ClInclude>
    <ClInclude Include="PlayerFallingState.h">
      <Filter>Source Files\GameObjects\Player</Filter>
    </ClInclude>
    <ClInclude Include="PlayerHittingState.h">
      <Filter>Source Files\GameObjects\Player</Filter>
    </ClInclude>
    <ClInclude Include="PlayerJumpingState.h">
      <Filter>Source Files\GameObjects\Player</Filter>
    </ClInclude>
    <ClInclude Include="PlayerStandingState.h">
      <Filter>Source Files\GameObjects\Player</Filter>
    </ClInclude>
    <ClInclude Include="PlayerState.h">
      <Filter>Source Files\GameObjects\Player</Filter>
    </ClInclude>
    <ClInclude Include="PlayerWalkingState.h">
      <Filter>Source Files\GameObjects\Player</Filter>
    </ClInclude>
    <ClInclude Include="Simon.h">
      <Filter>Source Files\GameObjects\Player</Filter>
    </ClInclude>
    <ClInclude Include="Map.h">
      <Filter>Source Files\GameComponents</Filter>
    </ClInclude>
    <ClInclude Include="Camera.h">
      <Filter>Source Files\GameComponents</Filter>
    </ClInclude>
    <ClInclude Include="GameObject.h">
      <Filter>Source Files\GameObjects</Filter>
    </ClInclude>
    <ClInclude Include="debug.h">
      <Filter>Source Files\GameComponents</Filter>
    </ClInclude>
    <ClInclude Include="Brick.h">
      <Filter>Source Files\GameObjects</Filter>
    </ClInclude>
    <ClInclude Include="Game.h">
      <Filter>Source Files</Filter>
    </ClInclude>
    <ClInclude Include="GlobalConfig.h">
      <Filter>Source Files</Filter>
    </ClInclude>
    <ClInclude Include="ItemWhip.h">
      <Filter>Source Files\GameObjects\Item</Filter>
    </ClInclude>
    <ClInclude Include="Holder.h">
      <Filter>Source Files\GameObjects\StoredItem</Filter>
    </ClInclude>
    <ClInclude Include="HolderFirePillar.h">
      <Filter>Source Files\GameObjects\StoredItem</Filter>
    </ClInclude>
    <ClInclude Include="Effect.h">
      <Filter>Source Files\GameObjects</Filter>
    </ClInclude>
    <ClInclude Include="Items.h">
      <Filter>Source Files\GameObjects\Item</Filter>
    </ClInclude>
    <ClInclude Include="ItemBigHeart.h">
      <Filter>Source Files\GameObjects\Item</Filter>
    </ClInclude>
    <ClInclude Include="Whip.h">
      <Filter>Source Files\GameObjects\Weapon</Filter>
    </ClInclude>
    <ClInclude Include="Weapon.h">
      <Filter>Source Files\GameObjects\Weapon</Filter>
    </ClInclude>
    <ClInclude Include="Knife.h">
      <Filter>Source Files\GameObjects\Weapon</Filter>
    </ClInclude>
    <ClInclude Include="ItemKnife.h">
      <Filter>Source Files\GameObjects\Item</Filter>
    </ClInclude>
    <ClInclude Include="Weapons.h">
      <Filter>Source Files\GameObjects\Weapon</Filter>
    </ClInclude>
    <ClInclude Include="PlayerReciveItemState.h">
      <Filter>Source Files\GameObjects\Player</Filter>
    </ClInclude>
    <ClInclude Include="ItemSmallHeart.h">
      <Filter>Source Files\GameObjects\Item</Filter>
    </ClInclude>
    <ClInclude Include="HolderCandle.h">
      <Filter>Source Files\GameObjects\StoredItem</Filter>
    </ClInclude>
    <ClInclude Include="CheckPoint.h">
      <Filter>Source Files\GameObjects</Filter>
    </ClInclude>
    <ClInclude Include="Stair.h">
      <Filter>Source Files\GameObjects</Filter>
    </ClInclude>
    <ClInclude Include="PlayerStandingStairState.h">
      <Filter>Source Files\GameObjects\Player\stair</Filter>
    </ClInclude>
    <ClInclude Include="PlayerWalkingStairState.h">
      <Filter>Source Files\GameObjects\Player\stair</Filter>
    </ClInclude>
    <ClInclude Include="Enemy.h">
      <Filter>Source Files\GameObjects\enemy</Filter>
    </ClInclude>
    <ClInclude Include="Ghost.h">
      <Filter>Source Files\GameObjects\enemy</Filter>
    </ClInclude>
    <ClInclude Include="Enemys.h">
      <Filter>Source Files\GameObjects\enemy</Filter>
    </ClInclude>
    <ClInclude Include="BlackPanter.h">
      <Filter>Source Files\GameObjects\enemy</Filter>
    </ClInclude>
    <ClInclude Include="PlayerHurtingState.h">
      <Filter>Source Files\GameObjects\Player</Filter>
    </ClInclude>
    <ClInclude Include="PlayerDeadState.h">
      <Filter>Source Files\GameObjects\Player</Filter>
    </ClInclude>
  </ItemGroup>
  <ItemGroup>
    <Image Include="textures\bbox.png">
      <Filter>Resource Files</Filter>
    </Image>
    <Image Include="textures\enemies.png">
      <Filter>Resource Files</Filter>
    </Image>
    <Image Include="textures\mario.png">
      <Filter>Resource Files</Filter>
    </Image>
    <Image Include="textures\misc.png">
      <Filter>Resource Files</Filter>
    </Image>
    <Image Include="textures\simon.png">
      <Filter>Resource Files</Filter>
    </Image>
  </ItemGroup>
</Project>